
Microsoft Visual Studio Solution File, Format Version 12.00
# Visual Studio Version 17
VisualStudioVersion = 17.9.34728.123
MinimumVisualStudioVersion = 10.0.40219.1
Project("{9A19103F-16F7-4668-BE54-9A1E7A4F7556}") = "TwitchEventSubWebsocket", "TwitchEventSubWebsocket\TwitchEventSubWebsocket.csproj", "{03810746-C09A-4FF2-81FB-DE0094E81A46}"
EndProject
Project("{2150E333-8FDC-42A3-9474-1A3956D46DE8}") = "Solution Items", "Solution Items", "{055893B7-2B29-4B20-ABC8-65F04EB3044E}"
	ProjectSection(SolutionItems) = preProject
		.editorconfig = .editorconfig
	EndProjectSection
EndProject
Global
	GlobalSection(SolutionConfigurationPlatforms) = preSolution
		Debug|Any CPU = Debug|Any CPU
		Release|Any CPU = Release|Any CPU
	EndGlobalSection
	GlobalSection(ProjectConfigurationPlatforms) = postSolution
		{03810746-C09A-4FF2-81FB-DE0094E81A46}.Debug|Any CPU.ActiveCfg = Debug|Any CPU
		{03810746-C09A-4FF2-81FB-DE0094E81A46}.Debug|Any CPU.Build.0 = Debug|Any CPU
		{03810746-C09A-4FF2-81FB-DE0094E81A46}.Release|Any CPU.ActiveCfg = Release|Any CPU
		{03810746-C09A-4FF2-81FB-DE0094E81A46}.Release|Any CPU.Build.0 = Release|Any CPU
	EndGlobalSection
	GlobalSection(SolutionProperties) = preSolution
		HideSolutionNode = FALSE
	EndGlobalSection
	GlobalSection(ExtensibilityGlobals) = postSolution
		SolutionGuid = {9379A43D-590A-4396-B8C4-700DB938C018}
	EndGlobalSection
EndGlobal
